
Microsoft Visual Studio Solution File, Format Version 12.00
# Visual Studio Version 17
VisualStudioVersion = 17.0.31903.59
MinimumVisualStudioVersion = 10.0.40219.1
Project("{9A19103F-16F7-4668-BE54-9A1E7A4F7556}") = "ClientApp", "ClientApp\ClientApp.csproj", "{5164F874-01A0-45DA-A45F-FE97C825A55C}"
EndProject
Project("{9A19103F-16F7-4668-BE54-9A1E7A4F7556}") = "MicroserviceOne", "MicroserviceOne\MicroserviceOne.csproj", "{849500B5-BCA7-4C9C-9603-7B3D9654EA7B}"
EndProject
Project("{9A19103F-16F7-4668-BE54-9A1E7A4F7556}") = "MicroserviceTwo", "MicroserviceTwo\MicroserviceTwo.csproj", "{436DA754-6AB2-430D-9E76-AE6EAA0A3265}"
EndProject
Global
	GlobalSection(SolutionConfigurationPlatforms) = preSolution
		Debug|Any CPU = Debug|Any CPU
		Release|Any CPU = Release|Any CPU
	EndGlobalSection
	GlobalSection(ProjectConfigurationPlatforms) = postSolution
		{5164F874-01A0-45DA-A45F-FE97C825A55C}.Debug|Any CPU.ActiveCfg = Debug|Any CPU
		{5164F874-01A0-45DA-A45F-FE97C825A55C}.Debug|Any CPU.Build.0 = Debug|Any CPU
		{5164F874-01A0-45DA-A45F-FE97C825A55C}.Release|Any CPU.ActiveCfg = Release|Any CPU
		{5164F874-01A0-45DA-A45F-FE97C825A55C}.Release|Any CPU.Build.0 = Release|Any CPU
		{849500B5-BCA7-4C9C-9603-7B3D9654EA7B}.Debug|Any CPU.ActiveCfg = Debug|Any CPU
		{849500B5-BCA7-4C9C-9603-7B3D9654EA7B}.Debug|Any CPU.Build.0 = Debug|Any CPU
		{849500B5-BCA7-4C9C-9603-7B3D9654EA7B}.Release|Any CPU.ActiveCfg = Release|Any CPU
		{849500B5-BCA7-4C9C-9603-7B3D9654EA7B}.Release|Any CPU.Build.0 = Release|Any CPU
		{436DA754-6AB2-430D-9E76-AE6EAA0A3265}.Debug|Any CPU.ActiveCfg = Debug|Any CPU
		{436DA754-6AB2-430D-9E76-AE6EAA0A3265}.Debug|Any CPU.Build.0 = Debug|Any CPU
		{436DA754-6AB2-430D-9E76-AE6EAA0A3265}.Release|Any CPU.ActiveCfg = Release|Any CPU
		{436DA754-6AB2-430D-9E76-AE6EAA0A3265}.Release|Any CPU.Build.0 = Release|Any CPU
	EndGlobalSection
	GlobalSection(SolutionProperties) = preSolution
		HideSolutionNode = FALSE
	EndGlobalSection
	GlobalSection(ExtensibilityGlobals) = postSolution
		SolutionGuid = {228B879B-19A7-41F2-8D09-147BE69E7215}
	EndGlobalSection
EndGlobal
